
Microsoft Visual Studio Solution File, Format Version 12.00
# Visual Studio Version 17
VisualStudioVersion = 17.0.31903.59
MinimumVisualStudioVersion = 10.0.40219.1
Project("{2150E333-8FDC-42A3-9474-1A3956D46DE8}") = "src", "src", "{827E0CD3-B72D-47B6-A68D-7590B98EB39B}"
EndProject
Project("{FAE04EC0-301F-11D3-BF4B-00C04F79EFBC}") = "Cognexa.Application", "src\Cognexa.Application\Cognexa.Application.csproj", "{9EC7638B-5D10-4395-B095-CB1B03348496}"
EndProject
Project("{FAE04EC0-301F-11D3-BF4B-00C04F79EFBC}") = "Cognexa.Domain", "src\Cognexa.Domain\Cognexa.Domain.csproj", "{8A50F416-16AF-4498-B764-46DEE25085EB}"
EndProject
Project("{FAE04EC0-301F-11D3-BF4B-00C04F79EFBC}") = "Cognexa.Infrastructure", "src\Cognexa.Infrastructure\Cognexa.Infrastructure.csproj", "{F1437285-C07B-4AAB-910A-3767DE86736C}"
EndProject
Project("{FAE04EC0-301F-11D3-BF4B-00C04F79EFBC}") = "Cognexa.WebApi", "src\Cognexa.WebApi\Cognexa.WebApi.csproj", "{8474148D-F7B3-4213-9F95-F3A87F2F0698}"
EndProject
Project("{FAE04EC0-301F-11D3-BF4B-00C04F79EFBC}") = "Cognexa.Worker", "src\Cognexa.Worker\Cognexa.Worker.csproj", "{4C626931-CD47-4FF3-A879-869252556494}"
EndProject
Project("{2150E333-8FDC-42A3-9474-1A3956D46DE8}") = "tests", "tests", "{0AB3BF05-4346-4AA6-1389-037BE0695223}"
EndProject
Project("{FAE04EC0-301F-11D3-BF4B-00C04F79EFBC}") = "Cognexa.Application.Tests", "tests\Cognexa.Application.Tests\Cognexa.Application.Tests.csproj", "{5E9D3000-0B03-4368-9AD3-911CB8E6EDAA}"
EndProject
Project("{FAE04EC0-301F-11D3-BF4B-00C04F79EFBC}") = "Cognexa.Architecture.Tests", "tests\Cognexa.Architecture.Tests\Cognexa.Architecture.Tests.csproj", "{24470198-6243-464E-A474-B7168FC9D647}"
EndProject
Project("{FAE04EC0-301F-11D3-BF4B-00C04F79EFBC}") = "Cognexa.Domain.Tests", "tests\Cognexa.Domain.Tests\Cognexa.Domain.Tests.csproj", "{93DA172D-621C-41F8-9B7B-6390A98A775D}"
EndProject
Project("{FAE04EC0-301F-11D3-BF4B-00C04F79EFBC}") = "Cognexa.Infrastructure.Tests", "tests\Cognexa.Infrastructure.Tests\Cognexa.Infrastructure.Tests.csproj", "{88A2A4EB-7C0F-4F3E-8E21-1D316B73F459}"
EndProject
Project("{FAE04EC0-301F-11D3-BF4B-00C04F79EFBC}") = "Cognexa.WebApi.Tests", "tests\Cognexa.WebApi.Tests\Cognexa.WebApi.Tests.csproj", "{5ECC512F-FC02-4425-ACF2-7521DA641CED}"
EndProject
Global
	GlobalSection(SolutionConfigurationPlatforms) = preSolution
		Debug|Any CPU = Debug|Any CPU
		Debug|x64 = Debug|x64
		Debug|x86 = Debug|x86
		Release|Any CPU = Release|Any CPU
		Release|x64 = Release|x64
		Release|x86 = Release|x86
	EndGlobalSection
	GlobalSection(ProjectConfigurationPlatforms) = postSolution
		{9EC7638B-5D10-4395-B095-CB1B03348496}.Debug|Any CPU.ActiveCfg = Debug|Any CPU
		{9EC7638B-5D10-4395-B095-CB1B03348496}.Debug|Any CPU.Build.0 = Debug|Any CPU
		{9EC7638B-5D10-4395-B095-CB1B03348496}.Debug|x64.ActiveCfg = Debug|Any CPU
		{9EC7638B-5D10-4395-B095-CB1B03348496}.Debug|x64.Build.0 = Debug|Any CPU
		{9EC7638B-5D10-4395-B095-CB1B03348496}.Debug|x86.ActiveCfg = Debug|Any CPU
		{9EC7638B-5D10-4395-B095-CB1B03348496}.Debug|x86.Build.0 = Debug|Any CPU
		{9EC7638B-5D10-4395-B095-CB1B03348496}.Release|Any CPU.ActiveCfg = Release|Any CPU
		{9EC7638B-5D10-4395-B095-CB1B03348496}.Release|Any CPU.Build.0 = Release|Any CPU
		{9EC7638B-5D10-4395-B095-CB1B03348496}.Release|x64.ActiveCfg = Release|Any CPU
		{9EC7638B-5D10-4395-B095-CB1B03348496}.Release|x64.Build.0 = Release|Any CPU
		{9EC7638B-5D10-4395-B095-CB1B03348496}.Release|x86.ActiveCfg = Release|Any CPU
		{9EC7638B-5D10-4395-B095-CB1B03348496}.Release|x86.Build.0 = Release|Any CPU
		{8A50F416-16AF-4498-B764-46DEE25085EB}.Debug|Any CPU.ActiveCfg = Debug|Any CPU
		{8A50F416-16AF-4498-B764-46DEE25085EB}.Debug|Any CPU.Build.0 = Debug|Any CPU
		{8A50F416-16AF-4498-B764-46DEE25085EB}.Debug|x64.ActiveCfg = Debug|Any CPU
		{8A50F416-16AF-4498-B764-46DEE25085EB}.Debug|x64.Build.0 = Debug|Any CPU
		{8A50F416-16AF-4498-B764-46DEE25085EB}.Debug|x86.ActiveCfg = Debug|Any CPU
		{8A50F416-16AF-4498-B764-46DEE25085EB}.Debug|x86.Build.0 = Debug|Any CPU
		{8A50F416-16AF-4498-B764-46DEE25085EB}.Release|Any CPU.ActiveCfg = Release|Any CPU
		{8A50F416-16AF-4498-B764-46DEE25085EB}.Release|Any CPU.Build.0 = Release|Any CPU
		{8A50F416-16AF-4498-B764-46DEE25085EB}.Release|x64.ActiveCfg = Release|Any CPU
		{8A50F416-16AF-4498-B764-46DEE25085EB}.Release|x64.Build.0 = Release|Any CPU
		{8A50F416-16AF-4498-B764-46DEE25085EB}.Release|x86.ActiveCfg = Release|Any CPU
		{8A50F416-16AF-4498-B764-46DEE25085EB}.Release|x86.Build.0 = Release|Any CPU
		{F1437285-C07B-4AAB-910A-3767DE86736C}.Debug|Any CPU.ActiveCfg = Debug|Any CPU
		{F1437285-C07B-4AAB-910A-3767DE86736C}.Debug|Any CPU.Build.0 = Debug|Any CPU
		{F1437285-C07B-4AAB-910A-3767DE86736C}.Debug|x64.ActiveCfg = Debug|Any CPU
		{F1437285-C07B-4AAB-910A-3767DE86736C}.Debug|x64.Build.0 = Debug|Any CPU
		{F1437285-C07B-4AAB-910A-3767DE86736C}.Debug|x86.ActiveCfg = Debug|Any CPU
		{F1437285-C07B-4AAB-910A-3767DE86736C}.Debug|x86.Build.0 = Debug|Any CPU
		{F1437285-C07B-4AAB-910A-3767DE86736C}.Release|Any CPU.ActiveCfg = Release|Any CPU
		{F1437285-C07B-4AAB-910A-3767DE86736C}.Release|Any CPU.Build.0 = Release|Any CPU
		{F1437285-C07B-4AAB-910A-3767DE86736C}.Release|x64.ActiveCfg = Release|Any CPU
		{F1437285-C07B-4AAB-910A-3767DE86736C}.Release|x64.Build.0 = Release|Any CPU
		{F1437285-C07B-4AAB-910A-3767DE86736C}.Release|x86.ActiveCfg = Release|Any CPU
		{F1437285-C07B-4AAB-910A-3767DE86736C}.Release|x86.Build.0 = Release|Any CPU
		{8474148D-F7B3-4213-9F95-F3A87F2F0698}.Debug|Any CPU.ActiveCfg = Debug|Any CPU
		{8474148D-F7B3-4213-9F95-F3A87F2F0698}.Debug|Any CPU.Build.0 = Debug|Any CPU
		{8474148D-F7B3-4213-9F95-F3A87F2F0698}.Debug|x64.ActiveCfg = Debug|Any CPU
		{8474148D-F7B3-4213-9F95-F3A87F2F0698}.Debug|x64.Build.0 = Debug|Any CPU
		{8474148D-F7B3-4213-9F95-F3A87F2F0698}.Debug|x86.ActiveCfg = Debug|Any CPU
		{8474148D-F7B3-4213-9F95-F3A87F2F0698}.Debug|x86.Build.0 = Debug|Any CPU
		{8474148D-F7B3-4213-9F95-F3A87F2F0698}.Release|Any CPU.ActiveCfg = Release|Any CPU
		{8474148D-F7B3-4213-9F95-F3A87F2F0698}.Release|Any CPU.Build.0 = Release|Any CPU
		{8474148D-F7B3-4213-9F95-F3A87F2F0698}.Release|x64.ActiveCfg = Release|Any CPU
		{8474148D-F7B3-4213-9F95-F3A87F2F0698}.Release|x64.Build.0 = Release|Any CPU
		{8474148D-F7B3-4213-9F95-F3A87F2F0698}.Release|x86.ActiveCfg = Release|Any CPU
		{8474148D-F7B3-4213-9F95-F3A87F2F0698}.Release|x86.Build.0 = Release|Any CPU
		{4C626931-CD47-4FF3-A879-869252556494}.Debug|Any CPU.ActiveCfg = Debug|Any CPU
		{4C626931-CD47-4FF3-A879-869252556494}.Debug|Any CPU.Build.0 = Debug|Any CPU
		{4C626931-CD47-4FF3-A879-869252556494}.Debug|x64.ActiveCfg = Debug|Any CPU
		{4C626931-CD47-4FF3-A879-869252556494}.Debug|x64.Build.0 = Debug|Any CPU
		{4C626931-CD47-4FF3-A879-869252556494}.Debug|x86.ActiveCfg = Debug|Any CPU
		{4C626931-CD47-4FF3-A879-869252556494}.Debug|x86.Build.0 = Debug|Any CPU
		{4C626931-CD47-4FF3-A879-869252556494}.Release|Any CPU.ActiveCfg = Release|Any CPU
		{4C626931-CD47-4FF3-A879-869252556494}.Release|Any CPU.Build.0 = Release|Any CPU
		{4C626931-CD47-4FF3-A879-869252556494}.Release|x64.ActiveCfg = Release|Any CPU
		{4C626931-CD47-4FF3-A879-869252556494}.Release|x64.Build.0 = Release|Any CPU
		{4C626931-CD47-4FF3-A879-869252556494}.Release|x86.ActiveCfg = Release|Any CPU
		{4C626931-CD47-4FF3-A879-869252556494}.Release|x86.Build.0 = Release|Any CPU
		{5E9D3000-0B03-4368-9AD3-911CB8E6EDAA}.Debug|Any CPU.ActiveCfg = Debug|Any CPU
		{5E9D3000-0B03-4368-9AD3-911CB8E6EDAA}.Debug|Any CPU.Build.0 = Debug|Any CPU
		{5E9D3000-0B03-4368-9AD3-911CB8E6EDAA}.Debug|x64.ActiveCfg = Debug|Any CPU
		{5E9D3000-0B03-4368-9AD3-911CB8E6EDAA}.Debug|x64.Build.0 = Debug|Any CPU
		{5E9D3000-0B03-4368-9AD3-911CB8E6EDAA}.Debug|x86.ActiveCfg = Debug|Any CPU
		{5E9D3000-0B03-4368-9AD3-911CB8E6EDAA}.Debug|x86.Build.0 = Debug|Any CPU
		{5E9D3000-0B03-4368-9AD3-911CB8E6EDAA}.Release|Any CPU.ActiveCfg = Release|Any CPU
		{5E9D3000-0B03-4368-9AD3-911CB8E6EDAA}.Release|Any CPU.Build.0 = Release|Any CPU
		{5E9D3000-0B03-4368-9AD3-911CB8E6EDAA}.Release|x64.ActiveCfg = Release|Any CPU
		{5E9D3000-0B03-4368-9AD3-911CB8E6EDAA}.Release|x64.Build.0 = Release|Any CPU
		{5E9D3000-0B03-4368-9AD3-911CB8E6EDAA}.Release|x86.ActiveCfg = Release|Any CPU
		{5E9D3000-0B03-4368-9AD3-911CB8E6EDAA}.Release|x86.Build.0 = Release|Any CPU
		{24470198-6243-464E-A474-B7168FC9D647}.Debug|Any CPU.ActiveCfg = Debug|Any CPU
		{24470198-6243-464E-A474-B7168FC9D647}.Debug|Any CPU.Build.0 = Debug|Any CPU
		{24470198-6243-464E-A474-B7168FC9D647}.Debug|x64.ActiveCfg = Debug|Any CPU
		{24470198-6243-464E-A474-B7168FC9D647}.Debug|x64.Build.0 = Debug|Any CPU
		{24470198-6243-464E-A474-B7168FC9D647}.Debug|x86.ActiveCfg = Debug|Any CPU
		{24470198-6243-464E-A474-B7168FC9D647}.Debug|x86.Build.0 = Debug|Any CPU
		{24470198-6243-464E-A474-B7168FC9D647}.Release|Any CPU.ActiveCfg = Release|Any CPU
		{24470198-6243-464E-A474-B7168FC9D647}.Release|Any CPU.Build.0 = Release|Any CPU
		{24470198-6243-464E-A474-B7168FC9D647}.Release|x64.ActiveCfg = Release|Any CPU
		{24470198-6243-464E-A474-B7168FC9D647}.Release|x64.Build.0 = Release|Any CPU
		{24470198-6243-464E-A474-B7168FC9D647}.Release|x86.ActiveCfg = Release|Any CPU
		{24470198-6243-464E-A474-B7168FC9D647}.Release|x86.Build.0 = Release|Any CPU
		{93DA172D-621C-41F8-9B7B-6390A98A775D}.Debug|Any CPU.ActiveCfg = Debug|Any CPU
		{93DA172D-621C-41F8-9B7B-6390A98A775D}.Debug|Any CPU.Build.0 = Debug|Any CPU
		{93DA172D-621C-41F8-9B7B-6390A98A775D}.Debug|x64.ActiveCfg = Debug|Any CPU
		{93DA172D-621C-41F8-9B7B-6390A98A775D}.Debug|x64.Build.0 = Debug|Any CPU
		{93DA172D-621C-41F8-9B7B-6390A98A775D}.Debug|x86.ActiveCfg = Debug|Any CPU
		{93DA172D-621C-41F8-9B7B-6390A98A775D}.Debug|x86.Build.0 = Debug|Any CPU
		{93DA172D-621C-41F8-9B7B-6390A98A775D}.Release|Any CPU.ActiveCfg = Release|Any CPU
		{93DA172D-621C-41F8-9B7B-6390A98A775D}.Release|Any CPU.Build.0 = Release|Any CPU
		{93DA172D-621C-41F8-9B7B-6390A98A775D}.Release|x64.ActiveCfg = Release|Any CPU
		{93DA172D-621C-41F8-9B7B-6390A98A775D}.Release|x64.Build.0 = Release|Any CPU
		{93DA172D-621C-41F8-9B7B-6390A98A775D}.Release|x86.ActiveCfg = Release|Any CPU
		{93DA172D-621C-41F8-9B7B-6390A98A775D}.Release|x86.Build.0 = Release|Any CPU
		{88A2A4EB-7C0F-4F3E-8E21-1D316B73F459}.Debug|Any CPU.ActiveCfg = Debug|Any CPU
		{88A2A4EB-7C0F-4F3E-8E21-1D316B73F459}.Debug|Any CPU.Build.0 = Debug|Any CPU
		{88A2A4EB-7C0F-4F3E-8E21-1D316B73F459}.Debug|x64.ActiveCfg = Debug|Any CPU
		{88A2A4EB-7C0F-4F3E-8E21-1D316B73F459}.Debug|x64.Build.0 = Debug|Any CPU
		{88A2A4EB-7C0F-4F3E-8E21-1D316B73F459}.Debug|x86.ActiveCfg = Debug|Any CPU
		{88A2A4EB-7C0F-4F3E-8E21-1D316B73F459}.Debug|x86.Build.0 = Debug|Any CPU
		{88A2A4EB-7C0F-4F3E-8E21-1D316B73F459}.Release|Any CPU.ActiveCfg = Release|Any CPU
		{88A2A4EB-7C0F-4F3E-8E21-1D316B73F459}.Release|Any CPU.Build.0 = Release|Any CPU
		{88A2A4EB-7C0F-4F3E-8E21-1D316B73F459}.Release|x64.ActiveCfg = Release|Any CPU
		{88A2A4EB-7C0F-4F3E-8E21-1D316B73F459}.Release|x64.Build.0 = Release|Any CPU
		{88A2A4EB-7C0F-4F3E-8E21-1D316B73F459}.Release|x86.ActiveCfg = Release|Any CPU
		{88A2A4EB-7C0F-4F3E-8E21-1D316B73F459}.Release|x86.Build.0 = Release|Any CPU
		{5ECC512F-FC02-4425-ACF2-7521DA641CED}.Debug|Any CPU.ActiveCfg = Debug|Any CPU
		{5ECC512F-FC02-4425-ACF2-7521DA641CED}.Debug|Any CPU.Build.0 = Debug|Any CPU
		{5ECC512F-FC02-4425-ACF2-7521DA641CED}.Debug|x64.ActiveCfg = Debug|Any CPU
		{5ECC512F-FC02-4425-ACF2-7521DA641CED}.Debug|x64.Build.0 = Debug|Any CPU
		{5ECC512F-FC02-4425-ACF2-7521DA641CED}.Debug|x86.ActiveCfg = Debug|Any CPU
		{5ECC512F-FC02-4425-ACF2-7521DA641CED}.Debug|x86.Build.0 = Debug|Any CPU
		{5ECC512F-FC02-4425-ACF2-7521DA641CED}.Release|Any CPU.ActiveCfg = Release|Any CPU
		{5ECC512F-FC02-4425-ACF2-7521DA641CED}.Release|Any CPU.Build.0 = Release|Any CPU
		{5ECC512F-FC02-4425-ACF2-7521DA641CED}.Release|x64.ActiveCfg = Release|Any CPU
		{5ECC512F-FC02-4425-ACF2-7521DA641CED}.Release|x64.Build.0 = Release|Any CPU
		{5ECC512F-FC02-4425-ACF2-7521DA641CED}.Release|x86.ActiveCfg = Release|Any CPU
		{5ECC512F-FC02-4425-ACF2-7521DA641CED}.Release|x86.Build.0 = Release|Any CPU
	EndGlobalSection
	GlobalSection(SolutionProperties) = preSolution
		HideSolutionNode = FALSE
	EndGlobalSection
	GlobalSection(NestedProjects) = preSolution
		{9EC7638B-5D10-4395-B095-CB1B03348496} = {827E0CD3-B72D-47B6-A68D-7590B98EB39B}
		{8A50F416-16AF-4498-B764-46DEE25085EB} = {827E0CD3-B72D-47B6-A68D-7590B98EB39B}
		{F1437285-C07B-4AAB-910A-3767DE86736C} = {827E0CD3-B72D-47B6-A68D-7590B98EB39B}
		{8474148D-F7B3-4213-9F95-F3A87F2F0698} = {827E0CD3-B72D-47B6-A68D-7590B98EB39B}
		{4C626931-CD47-4FF3-A879-869252556494} = {827E0CD3-B72D-47B6-A68D-7590B98EB39B}
		{5E9D3000-0B03-4368-9AD3-911CB8E6EDAA} = {0AB3BF05-4346-4AA6-1389-037BE0695223}
		{24470198-6243-464E-A474-B7168FC9D647} = {0AB3BF05-4346-4AA6-1389-037BE0695223}
		{93DA172D-621C-41F8-9B7B-6390A98A775D} = {0AB3BF05-4346-4AA6-1389-037BE0695223}
		{88A2A4EB-7C0F-4F3E-8E21-1D316B73F459} = {0AB3BF05-4346-4AA6-1389-037BE0695223}
		{5ECC512F-FC02-4425-ACF2-7521DA641CED} = {0AB3BF05-4346-4AA6-1389-037BE0695223}
	EndGlobalSection
EndGlobal
